
Microsoft Visual Studio Solution File, Format Version 12.00
# Visual Studio 15
VisualStudioVersion = 15.0.27428.1
MinimumVisualStudioVersion = 10.0.40219.1
Project("{8BC9CEB8-8B4A-11D0-8D11-00A0C91BC942}") = "opencv_test", "opencv_test\opencv_test.vcxproj", "{2F4B2945-1816-409F-B18E-490AD9B62584}"
EndProject
Global
	GlobalSection(SolutionConfigurationPlatforms) = preSolution
		Debug|x64 = Debug|x64
		Debug|x86 = Debug|x86
		opencv|x64 = opencv|x64
		opencv|x86 = opencv|x86
		Release|x64 = Release|x64
		Release|x86 = Release|x86
	EndGlobalSection
	GlobalSection(ProjectConfigurationPlatforms) = postSolution
		{2F4B2945-1816-409F-B18E-490AD9B62584}.Debug|x64.ActiveCfg = Debug|x64
		{2F4B2945-1816-409F-B18E-490AD9B62584}.Debug|x64.Build.0 = Debug|x64
		{2F4B2945-1816-409F-B18E-490AD9B62584}.Debug|x86.ActiveCfg = Debug|Win32
		{2F4B2945-1816-409F-B18E-490AD9B62584}.Debug|x86.Build.0 = Debug|Win32
		{2F4B2945-1816-409F-B18E-490AD9B62584}.opencv|x64.ActiveCfg = Release|x64
		{2F4B2945-1816-409F-B18E-490AD9B62584}.opencv|x64.Build.0 = Release|x64
		{2F4B2945-1816-409F-B18E-490AD9B62584}.opencv|x86.ActiveCfg = Release|Win32
		{2F4B2945-1816-409F-B18E-490AD9B62584}.opencv|x86.Build.0 = Release|Win32
		{2F4B2945-1816-409F-B18E-490AD9B62584}.Release|x64.ActiveCfg = Release|x64
		{2F4B2945-1816-409F-B18E-490AD9B62584}.Release|x64.Build.0 = Release|x64
		{2F4B2945-1816-409F-B18E-490AD9B62584}.Release|x86.ActiveCfg = Release|Win32
		{2F4B2945-1816-409F-B18E-490AD9B62584}.Release|x86.Build.0 = Release|Win32
	EndGlobalSection
	GlobalSection(SolutionProperties) = preSolution
		HideSolutionNode = FALSE
	EndGlobalSection
	GlobalSection(ExtensibilityGlobals) = postSolution
		SolutionGuid = {7EF83C29-403C-4039-95A9-7D9408739349}
	EndGlobalSection
EndGlobal
